
Microsoft Visual Studio Solution File, Format Version 12.00
# Visual Studio 15
VisualStudioVersion = 15.0.27004.2010
MinimumVisualStudioVersion = 10.0.40219.1
Project("{FAE04EC0-301F-11D3-BF4B-00C04F79EFBC}") = "Global file search", "Global file search\Global file search.csproj", "{83D7AADF-353D-4AD5-9EBC-26256CD94490}"
EndProject
Project("{FAE04EC0-301F-11D3-BF4B-00C04F79EFBC}") = "Local File search within date range", "Local file search within date range\Local File search within date range.csproj", "{798A9793-EFFB-4283-BB64-B8FF9815D480}"
EndProject
Global
	GlobalSection(SolutionConfigurationPlatforms) = preSolution
		Debug|Any CPU = Debug|Any CPU
		Release|Any CPU = Release|Any CPU
	EndGlobalSection
	GlobalSection(ProjectConfigurationPlatforms) = postSolution
		{83D7AADF-353D-4AD5-9EBC-26256CD94490}.Debug|Any CPU.ActiveCfg = Debug|Any CPU
		{83D7AADF-353D-4AD5-9EBC-26256CD94490}.Debug|Any CPU.Build.0 = Debug|Any CPU
		{83D7AADF-353D-4AD5-9EBC-26256CD94490}.Release|Any CPU.ActiveCfg = Release|Any CPU
		{83D7AADF-353D-4AD5-9EBC-26256CD94490}.Release|Any CPU.Build.0 = Release|Any CPU
		{798A9793-EFFB-4283-BB64-B8FF9815D480}.Debug|Any CPU.ActiveCfg = Debug|Any CPU
		{798A9793-EFFB-4283-BB64-B8FF9815D480}.Debug|Any CPU.Build.0 = Debug|Any CPU
		{798A9793-EFFB-4283-BB64-B8FF9815D480}.Release|Any CPU.ActiveCfg = Release|Any CPU
		{798A9793-EFFB-4283-BB64-B8FF9815D480}.Release|Any CPU.Build.0 = Release|Any CPU
	EndGlobalSection
	GlobalSection(SolutionProperties) = preSolution
		HideSolutionNode = FALSE
	EndGlobalSection
	GlobalSection(ExtensibilityGlobals) = postSolution
		SolutionGuid = {B60BA188-98BD-4FB5-B46D-E747B7235C27}
	EndGlobalSection
EndGlobal
